
Microsoft Visual Studio Solution File, Format Version 12.00
# Visual Studio 2012
Project("{FAE04EC0-301F-11D3-BF4B-00C04F79EFBC}") = "TypeInheritanceTree", "TypeInheritanceTree\TypeInheritanceTree.csproj", "{B10B0081-B17B-44B5-8B40-A6C5A96F64D4}"
EndProject
Project("{FAE04EC0-301F-11D3-BF4B-00C04F79EFBC}") = "TypeInheritanceTree.Tests", "TypeInheritanceTree.Tests\TypeInheritanceTree.Tests.csproj", "{D8EB736E-0263-4042-9B2D-E4A8A470704A}"
EndProject
Global
	GlobalSection(SolutionConfigurationPlatforms) = preSolution
		Debug|Any CPU = Debug|Any CPU
		Release|Any CPU = Release|Any CPU
	EndGlobalSection
	GlobalSection(ProjectConfigurationPlatforms) = postSolution
		{B10B0081-B17B-44B5-8B40-A6C5A96F64D4}.Debug|Any CPU.ActiveCfg = Debug|Any CPU
		{B10B0081-B17B-44B5-8B40-A6C5A96F64D4}.Debug|Any CPU.Build.0 = Debug|Any CPU
		{B10B0081-B17B-44B5-8B40-A6C5A96F64D4}.Release|Any CPU.ActiveCfg = Release|Any CPU
		{B10B0081-B17B-44B5-8B40-A6C5A96F64D4}.Release|Any CPU.Build.0 = Release|Any CPU
		{D8EB736E-0263-4042-9B2D-E4A8A470704A}.Debug|Any CPU.ActiveCfg = Debug|Any CPU
		{D8EB736E-0263-4042-9B2D-E4A8A470704A}.Debug|Any CPU.Build.0 = Debug|Any CPU
		{D8EB736E-0263-4042-9B2D-E4A8A470704A}.Release|Any CPU.ActiveCfg = Release|Any CPU
		{D8EB736E-0263-4042-9B2D-E4A8A470704A}.Release|Any CPU.Build.0 = Release|Any CPU
	EndGlobalSection
	GlobalSection(SolutionProperties) = preSolution
		HideSolutionNode = FALSE
	EndGlobalSection
EndGlobal
